
Microsoft Visual Studio Solution File, Format Version 12.00
# Visual Studio 2013
VisualStudioVersion = 12.0.31010.0
MinimumVisualStudioVersion = 10.0.40219.1
Project("{2150E333-8FDC-42A3-9474-1A3956D46DE8}") = "test", "test", "{A2401181-DD22-4317-BEB9-8F53BB1C4951}"
EndProject
Project("{2150E333-8FDC-42A3-9474-1A3956D46DE8}") = "src", "src", "{74FA0B76-AA90-4596-86B4-3020C3311825}"
EndProject
Project("{2150E333-8FDC-42A3-9474-1A3956D46DE8}") = ".nuget", ".nuget", "{05B9533D-FE3B-4D74-AE2D-C8A90173C859}"
	ProjectSection(SolutionItems) = preProject
		.nuget\NuGet.Config = .nuget\NuGet.Config
		.nuget\NuGet.exe = .nuget\NuGet.exe
		.nuget\NuGet.targets = .nuget\NuGet.targets
	EndProjectSection
EndProject
Project("{FAE04EC0-301F-11D3-BF4B-00C04F79EFBC}") = "BuildUtils", "extra\BuildUtils\BuildUtils.csproj", "{6706840B-B493-404E-A85E-0D0A29C6175C}"
EndProject
Project("{2150E333-8FDC-42A3-9474-1A3956D46DE8}") = "extra", "extra", "{8FFA68C5-9260-4989-BA33-5861B6CDEB24}"
EndProject
Project("{2150E333-8FDC-42A3-9474-1A3956D46DE8}") = "modules", "modules", "{B46D0560-31E7-49E6-BFC3-6DB9C190DB2F}"
EndProject
Project("{FAE04EC0-301F-11D3-BF4B-00C04F79EFBC}") = "Http", "src\modules\Http\Http.csproj", "{CE8AD0CB-A416-4BFC-B998-AE6F33669590}"
EndProject
Project("{FAE04EC0-301F-11D3-BF4B-00C04F79EFBC}") = "Http.Shared", "src\modules\Http.Shared\Http.Shared.csproj", "{308123AA-03D4-4058-84B4-E8CF5D721D16}"
EndProject
Project("{FAE04EC0-301F-11D3-BF4B-00C04F79EFBC}") = "Http.Contexts", "src\modules\Http.Contexts\Http.Contexts.csproj", "{53F80DC1-CA11-485D-B0E5-1BA13E07279D}"
EndProject
Project("{FAE04EC0-301F-11D3-BF4B-00C04F79EFBC}") = "Http.Routing", "src\modules\Http.Routing\Http.Routing.csproj", "{07CC4A86-7464-451E-A854-EA72B02B12E7}"
EndProject
Project("{FAE04EC0-301F-11D3-BF4B-00C04F79EFBC}") = "Http.PathProvider.StaticContent", "src\modules\Http.PathProvider.StaticContent\Http.PathProvider.StaticContent.csproj", "{862E6A63-14C6-4611-9C56-73C110ED889D}"
EndProject
Project("{FAE04EC0-301F-11D3-BF4B-00C04F79EFBC}") = "Curl", "src\modules\Curl\Curl.csproj", "{237F9FE3-95F2-4014-AA5E-A1685BCCB875}"
EndProject
Project("{2150E333-8FDC-42A3-9474-1A3956D46DE8}") = "samples", "samples", "{158B5A7F-77EB-4852-B9BC-FE9328FE92C4}"
EndProject
Project("{2150E333-8FDC-42A3-9474-1A3956D46DE8}") = "modules", "modules", "{EE828209-2D48-4ADE-9C42-C0AD7E92073D}"
EndProject
Project("{FAE04EC0-301F-11D3-BF4B-00C04F79EFBC}") = "Http.Routing.Test", "test\modules\Http.Routing.Test\Http.Routing.Test.csproj", "{5359292C-585B-4FE0-96A9-F46D65C9DA6B}"
EndProject
Project("{FAE04EC0-301F-11D3-BF4B-00C04F79EFBC}") = "Http.Renderer.Markdown", "src\modules\Http.Renderer.Markdown\Http.Renderer.Markdown.csproj", "{88DA58CC-787E-4DE7-9DFA-36B5AB125257}"
EndProject
Project("{FAE04EC0-301F-11D3-BF4B-00C04F79EFBC}") = "Node.Caching", "src\modules\Node.Caching\Node.Caching.csproj", "{E77794C3-50B9-4C1B-A0B5-324431EC9B4C}"
EndProject
Project("{FAE04EC0-301F-11D3-BF4B-00C04F79EFBC}") = "Node.Cache.Test", "test\modules\Node.Cache.Test\Node.Cache.Test.csproj", "{754860C5-55C8-4F10-8955-F3F4E1BCA35E}"
EndProject
Project("{2150E333-8FDC-42A3-9474-1A3956D46DE8}") = "utils", "utils", "{28883D24-99A6-43D1-A583-56D32753A397}"
EndProject
Project("{FAE04EC0-301F-11D3-BF4B-00C04F79EFBC}") = "Http.Test", "test\modules\Http.Test\Http.Test.csproj", "{F4505F83-F8B6-4012-9768-7B72848CFB74}"
EndProject
Project("{FAE04EC0-301F-11D3-BF4B-00C04F79EFBC}") = "Http.IntegrationTest", "test\modules\Http.IntegrationTest\Http.IntegrationTest.csproj", "{686C2658-ED4B-4103-8381-8297F6368273}"
EndProject
Project("{FAE04EC0-301F-11D3-BF4B-00C04F79EFBC}") = "Node.Cs.TestHelpers", "src\utils\Node.Cs.TestHelpers\Node.Cs.TestHelpers.csproj", "{44719B64-DAEB-44FD-91E7-CE7ADB43A605}"
EndProject
Project("{2150E333-8FDC-42A3-9474-1A3956D46DE8}") = "extra", "extra", "{05DE7368-8E92-4760-9117-2F175FB45D93}"
EndProject
Project("{FAE04EC0-301F-11D3-BF4B-00C04F79EFBC}") = "LongRunningTests", "test\extra\LongRunningTests\LongRunningTests.csproj", "{BF7C12C7-32E7-463D-861E-A9D1F8B7AD32}"
EndProject
Project("{FAE04EC0-301F-11D3-BF4B-00C04F79EFBC}") = "Log4Net", "src\modules\Log4Net\Log4Net.csproj", "{FA5A2FD9-9BEC-4E35-9091-EB7DB98178A9}"
EndProject
Project("{FAE04EC0-301F-11D3-BF4B-00C04F79EFBC}") = "ConsoleLogger", "src\modules\ConsoleLogger\ConsoleLogger.csproj", "{6078E196-FD2D-4ABD-B093-7D8BCC7FD1EE}"
EndProject
Project("{FAE04EC0-301F-11D3-BF4B-00C04F79EFBC}") = "Runtime.Caching", "src\modules\Runtime.Caching\Runtime.Caching.csproj", "{9EA52966-E562-42EE-BFCE-6AB2BA09EF19}"
EndProject
Project("{FAE04EC0-301F-11D3-BF4B-00C04F79EFBC}") = "Http.Renderer.Razor", "src\modules\Http.Renderer.Razor\Http.Renderer.Razor.csproj", "{2379CADB-8A73-4657-8DF2-A537C00877CE}"
EndProject
Project("{FAE04EC0-301F-11D3-BF4B-00C04F79EFBC}") = "Http.Renderer.Razor.Test", "test\modules\Http.Renderer.Razor.Test\Http.Renderer.Razor.Test.csproj", "{A2989E98-F15E-437A-AA5A-41C3C4C8C2CC}"
EndProject
Project("{2150E333-8FDC-42A3-9474-1A3956D46DE8}") = "nodecs", "nodecs", "{F28EB9FA-9AD0-4934-BA59-97EF67173879}"
EndProject
Project("{FAE04EC0-301F-11D3-BF4B-00C04F79EFBC}") = "Node.Cs", "src\nodecs\Node.Cs\Node.Cs.csproj", "{D88F748B-C907-4916-B092-6566BA79F3AE}"
EndProject
Project("{FAE04EC0-301F-11D3-BF4B-00C04F79EFBC}") = "Node.Cs.Shared", "src\nodecs\Node.Cs.Shared\Node.Cs.Shared.csproj", "{84F88FD9-F8F6-4741-BDDD-D62772E77523}"
EndProject
Project("{2150E333-8FDC-42A3-9474-1A3956D46DE8}") = "Solution Items", "Solution Items", "{EADE9BAC-1A64-46EA-A1E5-4F73918BDA7D}"
	ProjectSection(SolutionItems) = preProject
		coverage.runsettings.xml = coverage.runsettings.xml
		Ideas.txt = Ideas.txt
	EndProjectSection
EndProject
Project("{FAE04EC0-301F-11D3-BF4B-00C04F79EFBC}") = "Http.Mvc", "src\modules\Http.Mvc\Http.Mvc.csproj", "{2F827CC4-3867-4F39-81CC-458D47A5EBA5}"
EndProject
Project("{FAE04EC0-301F-11D3-BF4B-00C04F79EFBC}") = "Http.WebApi", "src\modules\Http.WebApi\Http.WebApi.csproj", "{7DC70227-5AB5-4D09-8629-2D4442877C36}"
EndProject
Project("{FAE04EC0-301F-11D3-BF4B-00C04F79EFBC}") = "Http.Mvc.Test", "test\modules\Http.Mvc.Test\Http.Mvc.Test.csproj", "{ED29C65B-680E-4D81-B976-4DA8051FEF1E}"
EndProject
Project("{2150E333-8FDC-42A3-9474-1A3956D46DE8}") = "nodecs", "nodecs", "{962C5CAA-9D3C-4E5F-88B6-BA8EA4113503}"
EndProject
Project("{FAE04EC0-301F-11D3-BF4B-00C04F79EFBC}") = "NodeCs.Test", "test\nodecs\NodeCs.Test\NodeCs.Test.csproj", "{38769C5E-E7B3-4A18-88E9-48A6A8C5A505}"
EndProject
Project("{FAE04EC0-301F-11D3-BF4B-00C04F79EFBC}") = "TestWebServerMvc", "samples\TestWebServerMvc\TestWebServerMvc.csproj", "{0BBE6F0D-8705-47E7-A3EA-FF5B3E31CB08}"
EndProject
Project("{FAE04EC0-301F-11D3-BF4B-00C04F79EFBC}") = "TestWebServerNode", "samples\TestWebServerNode\TestWebServerNode.csproj", "{F38F5C30-4DDD-4826-8A3B-D4B9A9597037}"
EndProject
Project("{FAE04EC0-301F-11D3-BF4B-00C04F79EFBC}") = "IntranetWebApplicationMvc", "samples\IntranetWebApplicationMvc\IntranetWebApplicationMvc.csproj", "{1CF6F980-9DED-472E-88A9-C5556B69215D}"
EndProject
Project("{FAE04EC0-301F-11D3-BF4B-00C04F79EFBC}") = "IntranetWebApplicationNode", "samples\IntranetWebApplicationNode\IntranetWebApplicationNode.csproj", "{86A2433E-734A-4AD5-A815-9C2AFFBF2D07}"
EndProject
Global
	GlobalSection(SolutionConfigurationPlatforms) = preSolution
		Debug|Any CPU = Debug|Any CPU
		Release|Any CPU = Release|Any CPU
	EndGlobalSection
	GlobalSection(ProjectConfigurationPlatforms) = postSolution
		{6706840B-B493-404E-A85E-0D0A29C6175C}.Debug|Any CPU.ActiveCfg = Debug|Any CPU
		{6706840B-B493-404E-A85E-0D0A29C6175C}.Debug|Any CPU.Build.0 = Debug|Any CPU
		{6706840B-B493-404E-A85E-0D0A29C6175C}.Release|Any CPU.ActiveCfg = Release|Any CPU
		{6706840B-B493-404E-A85E-0D0A29C6175C}.Release|Any CPU.Build.0 = Release|Any CPU
		{CE8AD0CB-A416-4BFC-B998-AE6F33669590}.Debug|Any CPU.ActiveCfg = Debug|Any CPU
		{CE8AD0CB-A416-4BFC-B998-AE6F33669590}.Debug|Any CPU.Build.0 = Debug|Any CPU
		{CE8AD0CB-A416-4BFC-B998-AE6F33669590}.Release|Any CPU.ActiveCfg = Release|Any CPU
		{CE8AD0CB-A416-4BFC-B998-AE6F33669590}.Release|Any CPU.Build.0 = Release|Any CPU
		{308123AA-03D4-4058-84B4-E8CF5D721D16}.Debug|Any CPU.ActiveCfg = Debug|Any CPU
		{308123AA-03D4-4058-84B4-E8CF5D721D16}.Debug|Any CPU.Build.0 = Debug|Any CPU
		{308123AA-03D4-4058-84B4-E8CF5D721D16}.Release|Any CPU.ActiveCfg = Release|Any CPU
		{308123AA-03D4-4058-84B4-E8CF5D721D16}.Release|Any CPU.Build.0 = Release|Any CPU
		{53F80DC1-CA11-485D-B0E5-1BA13E07279D}.Debug|Any CPU.ActiveCfg = Debug|Any CPU
		{53F80DC1-CA11-485D-B0E5-1BA13E07279D}.Debug|Any CPU.Build.0 = Debug|Any CPU
		{53F80DC1-CA11-485D-B0E5-1BA13E07279D}.Release|Any CPU.ActiveCfg = Release|Any CPU
		{53F80DC1-CA11-485D-B0E5-1BA13E07279D}.Release|Any CPU.Build.0 = Release|Any CPU
		{07CC4A86-7464-451E-A854-EA72B02B12E7}.Debug|Any CPU.ActiveCfg = Debug|Any CPU
		{07CC4A86-7464-451E-A854-EA72B02B12E7}.Debug|Any CPU.Build.0 = Debug|Any CPU
		{07CC4A86-7464-451E-A854-EA72B02B12E7}.Release|Any CPU.ActiveCfg = Release|Any CPU
		{07CC4A86-7464-451E-A854-EA72B02B12E7}.Release|Any CPU.Build.0 = Release|Any CPU
		{862E6A63-14C6-4611-9C56-73C110ED889D}.Debug|Any CPU.ActiveCfg = Debug|Any CPU
		{862E6A63-14C6-4611-9C56-73C110ED889D}.Debug|Any CPU.Build.0 = Debug|Any CPU
		{862E6A63-14C6-4611-9C56-73C110ED889D}.Release|Any CPU.ActiveCfg = Release|Any CPU
		{862E6A63-14C6-4611-9C56-73C110ED889D}.Release|Any CPU.Build.0 = Release|Any CPU
		{237F9FE3-95F2-4014-AA5E-A1685BCCB875}.Debug|Any CPU.ActiveCfg = Debug|Any CPU
		{237F9FE3-95F2-4014-AA5E-A1685BCCB875}.Debug|Any CPU.Build.0 = Debug|Any CPU
		{237F9FE3-95F2-4014-AA5E-A1685BCCB875}.Release|Any CPU.ActiveCfg = Release|Any CPU
		{237F9FE3-95F2-4014-AA5E-A1685BCCB875}.Release|Any CPU.Build.0 = Release|Any CPU
		{5359292C-585B-4FE0-96A9-F46D65C9DA6B}.Debug|Any CPU.ActiveCfg = Debug|Any CPU
		{5359292C-585B-4FE0-96A9-F46D65C9DA6B}.Debug|Any CPU.Build.0 = Debug|Any CPU
		{5359292C-585B-4FE0-96A9-F46D65C9DA6B}.Release|Any CPU.ActiveCfg = Release|Any CPU
		{5359292C-585B-4FE0-96A9-F46D65C9DA6B}.Release|Any CPU.Build.0 = Release|Any CPU
		{88DA58CC-787E-4DE7-9DFA-36B5AB125257}.Debug|Any CPU.ActiveCfg = Debug|Any CPU
		{88DA58CC-787E-4DE7-9DFA-36B5AB125257}.Debug|Any CPU.Build.0 = Debug|Any CPU
		{88DA58CC-787E-4DE7-9DFA-36B5AB125257}.Release|Any CPU.ActiveCfg = Release|Any CPU
		{88DA58CC-787E-4DE7-9DFA-36B5AB125257}.Release|Any CPU.Build.0 = Release|Any CPU
		{E77794C3-50B9-4C1B-A0B5-324431EC9B4C}.Debug|Any CPU.ActiveCfg = Debug|Any CPU
		{E77794C3-50B9-4C1B-A0B5-324431EC9B4C}.Debug|Any CPU.Build.0 = Debug|Any CPU
		{E77794C3-50B9-4C1B-A0B5-324431EC9B4C}.Release|Any CPU.ActiveCfg = Release|Any CPU
		{E77794C3-50B9-4C1B-A0B5-324431EC9B4C}.Release|Any CPU.Build.0 = Release|Any CPU
		{754860C5-55C8-4F10-8955-F3F4E1BCA35E}.Debug|Any CPU.ActiveCfg = Debug|Any CPU
		{754860C5-55C8-4F10-8955-F3F4E1BCA35E}.Debug|Any CPU.Build.0 = Debug|Any CPU
		{754860C5-55C8-4F10-8955-F3F4E1BCA35E}.Release|Any CPU.ActiveCfg = Release|Any CPU
		{754860C5-55C8-4F10-8955-F3F4E1BCA35E}.Release|Any CPU.Build.0 = Release|Any CPU
		{F4505F83-F8B6-4012-9768-7B72848CFB74}.Debug|Any CPU.ActiveCfg = Debug|Any CPU
		{F4505F83-F8B6-4012-9768-7B72848CFB74}.Debug|Any CPU.Build.0 = Debug|Any CPU
		{F4505F83-F8B6-4012-9768-7B72848CFB74}.Release|Any CPU.ActiveCfg = Release|Any CPU
		{F4505F83-F8B6-4012-9768-7B72848CFB74}.Release|Any CPU.Build.0 = Release|Any CPU
		{686C2658-ED4B-4103-8381-8297F6368273}.Debug|Any CPU.ActiveCfg = Debug|Any CPU
		{686C2658-ED4B-4103-8381-8297F6368273}.Debug|Any CPU.Build.0 = Debug|Any CPU
		{686C2658-ED4B-4103-8381-8297F6368273}.Release|Any CPU.ActiveCfg = Release|Any CPU
		{686C2658-ED4B-4103-8381-8297F6368273}.Release|Any CPU.Build.0 = Release|Any CPU
		{44719B64-DAEB-44FD-91E7-CE7ADB43A605}.Debug|Any CPU.ActiveCfg = Debug|Any CPU
		{44719B64-DAEB-44FD-91E7-CE7ADB43A605}.Debug|Any CPU.Build.0 = Debug|Any CPU
		{44719B64-DAEB-44FD-91E7-CE7ADB43A605}.Release|Any CPU.ActiveCfg = Release|Any CPU
		{44719B64-DAEB-44FD-91E7-CE7ADB43A605}.Release|Any CPU.Build.0 = Release|Any CPU
		{BF7C12C7-32E7-463D-861E-A9D1F8B7AD32}.Debug|Any CPU.ActiveCfg = Debug|Any CPU
		{BF7C12C7-32E7-463D-861E-A9D1F8B7AD32}.Debug|Any CPU.Build.0 = Debug|Any CPU
		{BF7C12C7-32E7-463D-861E-A9D1F8B7AD32}.Release|Any CPU.ActiveCfg = Release|Any CPU
		{BF7C12C7-32E7-463D-861E-A9D1F8B7AD32}.Release|Any CPU.Build.0 = Release|Any CPU
		{FA5A2FD9-9BEC-4E35-9091-EB7DB98178A9}.Debug|Any CPU.ActiveCfg = Debug|Any CPU
		{FA5A2FD9-9BEC-4E35-9091-EB7DB98178A9}.Debug|Any CPU.Build.0 = Debug|Any CPU
		{FA5A2FD9-9BEC-4E35-9091-EB7DB98178A9}.Release|Any CPU.ActiveCfg = Release|Any CPU
		{FA5A2FD9-9BEC-4E35-9091-EB7DB98178A9}.Release|Any CPU.Build.0 = Release|Any CPU
		{6078E196-FD2D-4ABD-B093-7D8BCC7FD1EE}.Debug|Any CPU.ActiveCfg = Debug|Any CPU
		{6078E196-FD2D-4ABD-B093-7D8BCC7FD1EE}.Debug|Any CPU.Build.0 = Debug|Any CPU
		{6078E196-FD2D-4ABD-B093-7D8BCC7FD1EE}.Release|Any CPU.ActiveCfg = Release|Any CPU
		{6078E196-FD2D-4ABD-B093-7D8BCC7FD1EE}.Release|Any CPU.Build.0 = Release|Any CPU
		{9EA52966-E562-42EE-BFCE-6AB2BA09EF19}.Debug|Any CPU.ActiveCfg = Debug|Any CPU
		{9EA52966-E562-42EE-BFCE-6AB2BA09EF19}.Debug|Any CPU.Build.0 = Debug|Any CPU
		{9EA52966-E562-42EE-BFCE-6AB2BA09EF19}.Release|Any CPU.ActiveCfg = Release|Any CPU
		{9EA52966-E562-42EE-BFCE-6AB2BA09EF19}.Release|Any CPU.Build.0 = Release|Any CPU
		{2379CADB-8A73-4657-8DF2-A537C00877CE}.Debug|Any CPU.ActiveCfg = Debug|Any CPU
		{2379CADB-8A73-4657-8DF2-A537C00877CE}.Debug|Any CPU.Build.0 = Debug|Any CPU
		{2379CADB-8A73-4657-8DF2-A537C00877CE}.Release|Any CPU.ActiveCfg = Release|Any CPU
		{2379CADB-8A73-4657-8DF2-A537C00877CE}.Release|Any CPU.Build.0 = Release|Any CPU
		{A2989E98-F15E-437A-AA5A-41C3C4C8C2CC}.Debug|Any CPU.ActiveCfg = Debug|Any CPU
		{A2989E98-F15E-437A-AA5A-41C3C4C8C2CC}.Debug|Any CPU.Build.0 = Debug|Any CPU
		{A2989E98-F15E-437A-AA5A-41C3C4C8C2CC}.Release|Any CPU.ActiveCfg = Release|Any CPU
		{A2989E98-F15E-437A-AA5A-41C3C4C8C2CC}.Release|Any CPU.Build.0 = Release|Any CPU
		{D88F748B-C907-4916-B092-6566BA79F3AE}.Debug|Any CPU.ActiveCfg = Debug|Any CPU
		{D88F748B-C907-4916-B092-6566BA79F3AE}.Debug|Any CPU.Build.0 = Debug|Any CPU
		{D88F748B-C907-4916-B092-6566BA79F3AE}.Release|Any CPU.ActiveCfg = Release|Any CPU
		{D88F748B-C907-4916-B092-6566BA79F3AE}.Release|Any CPU.Build.0 = Release|Any CPU
		{84F88FD9-F8F6-4741-BDDD-D62772E77523}.Debug|Any CPU.ActiveCfg = Debug|Any CPU
		{84F88FD9-F8F6-4741-BDDD-D62772E77523}.Debug|Any CPU.Build.0 = Debug|Any CPU
		{84F88FD9-F8F6-4741-BDDD-D62772E77523}.Release|Any CPU.ActiveCfg = Release|Any CPU
		{84F88FD9-F8F6-4741-BDDD-D62772E77523}.Release|Any CPU.Build.0 = Release|Any CPU
		{2F827CC4-3867-4F39-81CC-458D47A5EBA5}.Debug|Any CPU.ActiveCfg = Debug|Any CPU
		{2F827CC4-3867-4F39-81CC-458D47A5EBA5}.Debug|Any CPU.Build.0 = Debug|Any CPU
		{2F827CC4-3867-4F39-81CC-458D47A5EBA5}.Release|Any CPU.ActiveCfg = Release|Any CPU
		{2F827CC4-3867-4F39-81CC-458D47A5EBA5}.Release|Any CPU.Build.0 = Release|Any CPU
		{7DC70227-5AB5-4D09-8629-2D4442877C36}.Debug|Any CPU.ActiveCfg = Debug|Any CPU
		{7DC70227-5AB5-4D09-8629-2D4442877C36}.Debug|Any CPU.Build.0 = Debug|Any CPU
		{7DC70227-5AB5-4D09-8629-2D4442877C36}.Release|Any CPU.ActiveCfg = Release|Any CPU
		{7DC70227-5AB5-4D09-8629-2D4442877C36}.Release|Any CPU.Build.0 = Release|Any CPU
		{ED29C65B-680E-4D81-B976-4DA8051FEF1E}.Debug|Any CPU.ActiveCfg = Debug|Any CPU
		{ED29C65B-680E-4D81-B976-4DA8051FEF1E}.Debug|Any CPU.Build.0 = Debug|Any CPU
		{ED29C65B-680E-4D81-B976-4DA8051FEF1E}.Release|Any CPU.ActiveCfg = Release|Any CPU
		{ED29C65B-680E-4D81-B976-4DA8051FEF1E}.Release|Any CPU.Build.0 = Release|Any CPU
		{38769C5E-E7B3-4A18-88E9-48A6A8C5A505}.Debug|Any CPU.ActiveCfg = Debug|Any CPU
		{38769C5E-E7B3-4A18-88E9-48A6A8C5A505}.Debug|Any CPU.Build.0 = Debug|Any CPU
		{38769C5E-E7B3-4A18-88E9-48A6A8C5A505}.Release|Any CPU.ActiveCfg = Release|Any CPU
		{38769C5E-E7B3-4A18-88E9-48A6A8C5A505}.Release|Any CPU.Build.0 = Release|Any CPU
		{0BBE6F0D-8705-47E7-A3EA-FF5B3E31CB08}.Debug|Any CPU.ActiveCfg = Debug|Any CPU
		{0BBE6F0D-8705-47E7-A3EA-FF5B3E31CB08}.Debug|Any CPU.Build.0 = Debug|Any CPU
		{0BBE6F0D-8705-47E7-A3EA-FF5B3E31CB08}.Release|Any CPU.ActiveCfg = Release|Any CPU
		{0BBE6F0D-8705-47E7-A3EA-FF5B3E31CB08}.Release|Any CPU.Build.0 = Release|Any CPU
		{F38F5C30-4DDD-4826-8A3B-D4B9A9597037}.Debug|Any CPU.ActiveCfg = Debug|Any CPU
		{F38F5C30-4DDD-4826-8A3B-D4B9A9597037}.Debug|Any CPU.Build.0 = Debug|Any CPU
		{F38F5C30-4DDD-4826-8A3B-D4B9A9597037}.Release|Any CPU.ActiveCfg = Release|Any CPU
		{F38F5C30-4DDD-4826-8A3B-D4B9A9597037}.Release|Any CPU.Build.0 = Release|Any CPU
		{1CF6F980-9DED-472E-88A9-C5556B69215D}.Debug|Any CPU.ActiveCfg = Debug|Any CPU
		{1CF6F980-9DED-472E-88A9-C5556B69215D}.Debug|Any CPU.Build.0 = Debug|Any CPU
		{1CF6F980-9DED-472E-88A9-C5556B69215D}.Release|Any CPU.ActiveCfg = Release|Any CPU
		{1CF6F980-9DED-472E-88A9-C5556B69215D}.Release|Any CPU.Build.0 = Release|Any CPU
		{86A2433E-734A-4AD5-A815-9C2AFFBF2D07}.Debug|Any CPU.ActiveCfg = Debug|Any CPU
		{86A2433E-734A-4AD5-A815-9C2AFFBF2D07}.Debug|Any CPU.Build.0 = Debug|Any CPU
		{86A2433E-734A-4AD5-A815-9C2AFFBF2D07}.Release|Any CPU.ActiveCfg = Release|Any CPU
		{86A2433E-734A-4AD5-A815-9C2AFFBF2D07}.Release|Any CPU.Build.0 = Release|Any CPU
	EndGlobalSection
	GlobalSection(SolutionProperties) = preSolution
		HideSolutionNode = FALSE
	EndGlobalSection
	GlobalSection(NestedProjects) = preSolution
		{6706840B-B493-404E-A85E-0D0A29C6175C} = {8FFA68C5-9260-4989-BA33-5861B6CDEB24}
		{B46D0560-31E7-49E6-BFC3-6DB9C190DB2F} = {74FA0B76-AA90-4596-86B4-3020C3311825}
		{CE8AD0CB-A416-4BFC-B998-AE6F33669590} = {B46D0560-31E7-49E6-BFC3-6DB9C190DB2F}
		{308123AA-03D4-4058-84B4-E8CF5D721D16} = {B46D0560-31E7-49E6-BFC3-6DB9C190DB2F}
		{53F80DC1-CA11-485D-B0E5-1BA13E07279D} = {B46D0560-31E7-49E6-BFC3-6DB9C190DB2F}
		{07CC4A86-7464-451E-A854-EA72B02B12E7} = {B46D0560-31E7-49E6-BFC3-6DB9C190DB2F}
		{862E6A63-14C6-4611-9C56-73C110ED889D} = {B46D0560-31E7-49E6-BFC3-6DB9C190DB2F}
		{237F9FE3-95F2-4014-AA5E-A1685BCCB875} = {B46D0560-31E7-49E6-BFC3-6DB9C190DB2F}
		{EE828209-2D48-4ADE-9C42-C0AD7E92073D} = {A2401181-DD22-4317-BEB9-8F53BB1C4951}
		{5359292C-585B-4FE0-96A9-F46D65C9DA6B} = {EE828209-2D48-4ADE-9C42-C0AD7E92073D}
		{88DA58CC-787E-4DE7-9DFA-36B5AB125257} = {B46D0560-31E7-49E6-BFC3-6DB9C190DB2F}
		{E77794C3-50B9-4C1B-A0B5-324431EC9B4C} = {B46D0560-31E7-49E6-BFC3-6DB9C190DB2F}
		{754860C5-55C8-4F10-8955-F3F4E1BCA35E} = {EE828209-2D48-4ADE-9C42-C0AD7E92073D}
		{28883D24-99A6-43D1-A583-56D32753A397} = {74FA0B76-AA90-4596-86B4-3020C3311825}
		{F4505F83-F8B6-4012-9768-7B72848CFB74} = {EE828209-2D48-4ADE-9C42-C0AD7E92073D}
		{686C2658-ED4B-4103-8381-8297F6368273} = {EE828209-2D48-4ADE-9C42-C0AD7E92073D}
		{44719B64-DAEB-44FD-91E7-CE7ADB43A605} = {28883D24-99A6-43D1-A583-56D32753A397}
		{05DE7368-8E92-4760-9117-2F175FB45D93} = {A2401181-DD22-4317-BEB9-8F53BB1C4951}
		{BF7C12C7-32E7-463D-861E-A9D1F8B7AD32} = {05DE7368-8E92-4760-9117-2F175FB45D93}
		{FA5A2FD9-9BEC-4E35-9091-EB7DB98178A9} = {B46D0560-31E7-49E6-BFC3-6DB9C190DB2F}
		{6078E196-FD2D-4ABD-B093-7D8BCC7FD1EE} = {B46D0560-31E7-49E6-BFC3-6DB9C190DB2F}
		{9EA52966-E562-42EE-BFCE-6AB2BA09EF19} = {B46D0560-31E7-49E6-BFC3-6DB9C190DB2F}
		{2379CADB-8A73-4657-8DF2-A537C00877CE} = {B46D0560-31E7-49E6-BFC3-6DB9C190DB2F}
		{A2989E98-F15E-437A-AA5A-41C3C4C8C2CC} = {EE828209-2D48-4ADE-9C42-C0AD7E92073D}
		{F28EB9FA-9AD0-4934-BA59-97EF67173879} = {74FA0B76-AA90-4596-86B4-3020C3311825}
		{D88F748B-C907-4916-B092-6566BA79F3AE} = {F28EB9FA-9AD0-4934-BA59-97EF67173879}
		{84F88FD9-F8F6-4741-BDDD-D62772E77523} = {F28EB9FA-9AD0-4934-BA59-97EF67173879}
		{2F827CC4-3867-4F39-81CC-458D47A5EBA5} = {B46D0560-31E7-49E6-BFC3-6DB9C190DB2F}
		{7DC70227-5AB5-4D09-8629-2D4442877C36} = {B46D0560-31E7-49E6-BFC3-6DB9C190DB2F}
		{ED29C65B-680E-4D81-B976-4DA8051FEF1E} = {EE828209-2D48-4ADE-9C42-C0AD7E92073D}
		{962C5CAA-9D3C-4E5F-88B6-BA8EA4113503} = {A2401181-DD22-4317-BEB9-8F53BB1C4951}
		{38769C5E-E7B3-4A18-88E9-48A6A8C5A505} = {962C5CAA-9D3C-4E5F-88B6-BA8EA4113503}
		{0BBE6F0D-8705-47E7-A3EA-FF5B3E31CB08} = {158B5A7F-77EB-4852-B9BC-FE9328FE92C4}
		{F38F5C30-4DDD-4826-8A3B-D4B9A9597037} = {158B5A7F-77EB-4852-B9BC-FE9328FE92C4}
		{1CF6F980-9DED-472E-88A9-C5556B69215D} = {158B5A7F-77EB-4852-B9BC-FE9328FE92C4}
		{86A2433E-734A-4AD5-A815-9C2AFFBF2D07} = {158B5A7F-77EB-4852-B9BC-FE9328FE92C4}
	EndGlobalSection
EndGlobal
