
Microsoft Visual Studio Solution File, Format Version 12.00
# Visual Studio 2012
Project("{2150E333-8FDC-42A3-9474-1A3956D46DE8}") = ".nuget", ".nuget", "{1EC814A4-EC13-4A23-A55A-EF62A2329ADB}"
	ProjectSection(SolutionItems) = preProject
		.nuget\NuGet.Config = .nuget\NuGet.Config
		.nuget\NuGet.exe = .nuget\NuGet.exe
		.nuget\NuGet.targets = .nuget\NuGet.targets
	EndProjectSection
EndProject
Project("{2150E333-8FDC-42A3-9474-1A3956D46DE8}") = "Src", "Src", "{460671B0-6DEF-4BEE-BA68-31F6417DAA37}"
EndProject
Project("{FAE04EC0-301F-11D3-BF4B-00C04F79EFBC}") = "Node.Cs.Cmd", "Src\Node.Cs.Cmd\Node.Cs.Cmd.csproj", "{6911FC45-2733-4BE2-9BA2-85802D64FE98}"
EndProject
Project("{FAE04EC0-301F-11D3-BF4B-00C04F79EFBC}") = "Node.Cs.Commons", "Src\Node.Cs.Commons\Node.Cs.Commons.csproj", "{F568CFC1-C20E-4B38-A587-2BF5D2CC07D8}"
EndProject
Project("{FAE04EC0-301F-11D3-BF4B-00C04F79EFBC}") = "Node.Cs.Lib", "Src\Node.Cs.Lib\Node.Cs.Lib.csproj", "{6D916BE6-984A-4C38-A91E-224E1F896E9F}"
EndProject
Project("{FAE04EC0-301F-11D3-BF4B-00C04F79EFBC}") = "Node.Cs.Razor", "Src\Node.Cs.Razor\Node.Cs.Razor.csproj", "{6235C442-7E28-48BD-A3F2-B3E073E8C1EB}"
EndProject
Project("{FAE04EC0-301F-11D3-BF4B-00C04F79EFBC}") = "Node.Cs.Routing", "Src\Node.Cs.Routing\Node.Cs.Routing.csproj", "{71E96713-D20A-4CCC-82A5-856CBFA885CF}"
EndProject
Project("{2150E333-8FDC-42A3-9474-1A3956D46DE8}") = "Tests", "Tests", "{AFBF8331-64AF-40BE-93AB-340F2D7B3696}"
EndProject
Project("{FAE04EC0-301F-11D3-BF4B-00C04F79EFBC}") = "Node.Cs.Lib.Test", "Tests\Node.Cs.Lib.Test\Node.Cs.Lib.Test.csproj", "{62E9D40D-3682-49D9-8CA5-41EAB2E60CFC}"
EndProject
Project("{FAE04EC0-301F-11D3-BF4B-00C04F79EFBC}") = "Node.Cs.Routing.Test", "Tests\Node.Cs.Routing.Test\Node.Cs.Routing.Test.csproj", "{5359292C-585B-4FE0-96A9-F46D65C9DA6B}"
EndProject
Project("{2150E333-8FDC-42A3-9474-1A3956D46DE8}") = "Docs", "Docs", "{F456B157-7452-4ED5-A858-34D9DAEB2235}"
EndProject
Project("{FAE04EC0-301F-11D3-BF4B-00C04F79EFBC}") = "Node.Cs.Docs", "Docs\Node.Cs.Docs\Node.Cs.Docs.csproj", "{6A2C9DDA-BDB7-4EDE-9144-ECBC6103F411}"
EndProject
Project("{2150E333-8FDC-42A3-9474-1A3956D46DE8}") = "Tools", "Tools", "{E7F31701-3F82-4391-AAAB-E12E6E1B8F38}"
EndProject
Project("{FAE04EC0-301F-11D3-BF4B-00C04F79EFBC}") = "Node.Cs.Project.Template", "Tools\Node.Cs.Project.Template\Node.Cs.Project.Template.csproj", "{A7F78E86-AA2F-445C-8368-CC11C67A4A31}"
EndProject
Project("{FAE04EC0-301F-11D3-BF4B-00C04F79EFBC}") = "Node.Cs.Project.Template.Src", "Tools\Node.Cs.Project.Template.Src\Node.Cs.Project.Template.Src.csproj", "{D4C54D7C-F193-4870-905D-0BEE7F875FDA}"
EndProject
Project("{FAE04EC0-301F-11D3-BF4B-00C04F79EFBC}") = "Node.Cs.Extension", "Tools\Node.Cs.Extension\Node.Cs.Extension.csproj", "{067A6C06-F15B-45B9-9E2A-8CB10193D54A}"
EndProject
Project("{FAE04EC0-301F-11D3-BF4B-00C04F79EFBC}") = "Node.Cs.Authorization", "src\Node.Cs.Authorization\Node.Cs.Authorization.csproj", "{3B3846AC-C89F-4245-817A-4672C279210C}"
EndProject
Project("{2150E333-8FDC-42A3-9474-1A3956D46DE8}") = "Runners", "Runners", "{A204F8C6-CBF9-4296-B7C1-52BC2106349F}"
EndProject
Project("{FAE04EC0-301F-11D3-BF4B-00C04F79EFBC}") = "Node.Cs.Service", "src\Node.Cs.Service\Node.Cs.Service.csproj", "{1244814C-E5EC-422D-BE20-1CD0B8CCD462}"
EndProject
Project("{FAE04EC0-301F-11D3-BF4B-00C04F79EFBC}") = "Node.Cs.Commons.Test", "Tests\Node.Cs.Commons.Test\Node.Cs.Commons.Test.csproj", "{1E80F6B5-A5CC-4D0A-BE15-7199B70D3561}"
EndProject
Project("{FAE04EC0-301F-11D3-BF4B-00C04F79EFBC}") = "Node.Cs.Admin", "Src\Node.Cs.Admin\Node.Cs.Admin.csproj", "{3394852C-AA80-4113-A59E-24DD0BC5E07B}"
EndProject
Project("{FAE04EC0-301F-11D3-BF4B-00C04F79EFBC}") = "Node.Cs.EntityFramework", "Src\Node.Cs.EntityFramework\Node.Cs.EntityFramework.csproj", "{189CB843-E4E0-4D73-AF40-6EDE8BE21C82}"
EndProject
Project("{FAE04EC0-301F-11D3-BF4B-00C04F79EFBC}") = "Node.Cs.MVC", "Src\Node.Cs.MVC\Node.Cs.MVC.csproj", "{DFEC3272-E13B-4E6E-B68F-65FAD88ED082}"
EndProject
Global
	GlobalSection(SolutionConfigurationPlatforms) = preSolution
		Debug|Any CPU = Debug|Any CPU
		Release|Any CPU = Release|Any CPU
	EndGlobalSection
	GlobalSection(ProjectConfigurationPlatforms) = postSolution
		{6911FC45-2733-4BE2-9BA2-85802D64FE98}.Debug|Any CPU.ActiveCfg = Debug|Any CPU
		{6911FC45-2733-4BE2-9BA2-85802D64FE98}.Debug|Any CPU.Build.0 = Debug|Any CPU
		{6911FC45-2733-4BE2-9BA2-85802D64FE98}.Release|Any CPU.ActiveCfg = Release|Any CPU
		{6911FC45-2733-4BE2-9BA2-85802D64FE98}.Release|Any CPU.Build.0 = Release|Any CPU
		{F568CFC1-C20E-4B38-A587-2BF5D2CC07D8}.Debug|Any CPU.ActiveCfg = Debug|Any CPU
		{F568CFC1-C20E-4B38-A587-2BF5D2CC07D8}.Debug|Any CPU.Build.0 = Debug|Any CPU
		{F568CFC1-C20E-4B38-A587-2BF5D2CC07D8}.Release|Any CPU.ActiveCfg = Release|Any CPU
		{F568CFC1-C20E-4B38-A587-2BF5D2CC07D8}.Release|Any CPU.Build.0 = Release|Any CPU
		{6D916BE6-984A-4C38-A91E-224E1F896E9F}.Debug|Any CPU.ActiveCfg = Debug|Any CPU
		{6D916BE6-984A-4C38-A91E-224E1F896E9F}.Debug|Any CPU.Build.0 = Debug|Any CPU
		{6D916BE6-984A-4C38-A91E-224E1F896E9F}.Release|Any CPU.ActiveCfg = Release|Any CPU
		{6D916BE6-984A-4C38-A91E-224E1F896E9F}.Release|Any CPU.Build.0 = Release|Any CPU
		{6235C442-7E28-48BD-A3F2-B3E073E8C1EB}.Debug|Any CPU.ActiveCfg = Debug|Any CPU
		{6235C442-7E28-48BD-A3F2-B3E073E8C1EB}.Debug|Any CPU.Build.0 = Debug|Any CPU
		{6235C442-7E28-48BD-A3F2-B3E073E8C1EB}.Release|Any CPU.ActiveCfg = Release|Any CPU
		{6235C442-7E28-48BD-A3F2-B3E073E8C1EB}.Release|Any CPU.Build.0 = Release|Any CPU
		{71E96713-D20A-4CCC-82A5-856CBFA885CF}.Debug|Any CPU.ActiveCfg = Debug|Any CPU
		{71E96713-D20A-4CCC-82A5-856CBFA885CF}.Debug|Any CPU.Build.0 = Debug|Any CPU
		{71E96713-D20A-4CCC-82A5-856CBFA885CF}.Release|Any CPU.ActiveCfg = Release|Any CPU
		{71E96713-D20A-4CCC-82A5-856CBFA885CF}.Release|Any CPU.Build.0 = Release|Any CPU
		{62E9D40D-3682-49D9-8CA5-41EAB2E60CFC}.Debug|Any CPU.ActiveCfg = Debug|Any CPU
		{62E9D40D-3682-49D9-8CA5-41EAB2E60CFC}.Debug|Any CPU.Build.0 = Debug|Any CPU
		{62E9D40D-3682-49D9-8CA5-41EAB2E60CFC}.Release|Any CPU.ActiveCfg = Release|Any CPU
		{62E9D40D-3682-49D9-8CA5-41EAB2E60CFC}.Release|Any CPU.Build.0 = Release|Any CPU
		{5359292C-585B-4FE0-96A9-F46D65C9DA6B}.Debug|Any CPU.ActiveCfg = Debug|Any CPU
		{5359292C-585B-4FE0-96A9-F46D65C9DA6B}.Debug|Any CPU.Build.0 = Debug|Any CPU
		{5359292C-585B-4FE0-96A9-F46D65C9DA6B}.Release|Any CPU.ActiveCfg = Release|Any CPU
		{5359292C-585B-4FE0-96A9-F46D65C9DA6B}.Release|Any CPU.Build.0 = Release|Any CPU
		{6A2C9DDA-BDB7-4EDE-9144-ECBC6103F411}.Debug|Any CPU.ActiveCfg = Debug|Any CPU
		{6A2C9DDA-BDB7-4EDE-9144-ECBC6103F411}.Debug|Any CPU.Build.0 = Debug|Any CPU
		{6A2C9DDA-BDB7-4EDE-9144-ECBC6103F411}.Release|Any CPU.ActiveCfg = Release|Any CPU
		{6A2C9DDA-BDB7-4EDE-9144-ECBC6103F411}.Release|Any CPU.Build.0 = Release|Any CPU
		{A7F78E86-AA2F-445C-8368-CC11C67A4A31}.Debug|Any CPU.ActiveCfg = Debug|Any CPU
		{A7F78E86-AA2F-445C-8368-CC11C67A4A31}.Debug|Any CPU.Build.0 = Debug|Any CPU
		{A7F78E86-AA2F-445C-8368-CC11C67A4A31}.Release|Any CPU.ActiveCfg = Release|Any CPU
		{A7F78E86-AA2F-445C-8368-CC11C67A4A31}.Release|Any CPU.Build.0 = Release|Any CPU
		{D4C54D7C-F193-4870-905D-0BEE7F875FDA}.Debug|Any CPU.ActiveCfg = Debug|Any CPU
		{D4C54D7C-F193-4870-905D-0BEE7F875FDA}.Debug|Any CPU.Build.0 = Debug|Any CPU
		{D4C54D7C-F193-4870-905D-0BEE7F875FDA}.Release|Any CPU.ActiveCfg = Release|Any CPU
		{D4C54D7C-F193-4870-905D-0BEE7F875FDA}.Release|Any CPU.Build.0 = Release|Any CPU
		{067A6C06-F15B-45B9-9E2A-8CB10193D54A}.Debug|Any CPU.ActiveCfg = Debug|Any CPU
		{067A6C06-F15B-45B9-9E2A-8CB10193D54A}.Debug|Any CPU.Build.0 = Debug|Any CPU
		{067A6C06-F15B-45B9-9E2A-8CB10193D54A}.Release|Any CPU.ActiveCfg = Release|Any CPU
		{067A6C06-F15B-45B9-9E2A-8CB10193D54A}.Release|Any CPU.Build.0 = Release|Any CPU
		{3B3846AC-C89F-4245-817A-4672C279210C}.Debug|Any CPU.ActiveCfg = Debug|Any CPU
		{3B3846AC-C89F-4245-817A-4672C279210C}.Debug|Any CPU.Build.0 = Debug|Any CPU
		{3B3846AC-C89F-4245-817A-4672C279210C}.Release|Any CPU.ActiveCfg = Release|Any CPU
		{3B3846AC-C89F-4245-817A-4672C279210C}.Release|Any CPU.Build.0 = Release|Any CPU
		{1244814C-E5EC-422D-BE20-1CD0B8CCD462}.Debug|Any CPU.ActiveCfg = Debug|Any CPU
		{1244814C-E5EC-422D-BE20-1CD0B8CCD462}.Debug|Any CPU.Build.0 = Debug|Any CPU
		{1244814C-E5EC-422D-BE20-1CD0B8CCD462}.Release|Any CPU.ActiveCfg = Release|Any CPU
		{1244814C-E5EC-422D-BE20-1CD0B8CCD462}.Release|Any CPU.Build.0 = Release|Any CPU
		{1E80F6B5-A5CC-4D0A-BE15-7199B70D3561}.Debug|Any CPU.ActiveCfg = Debug|Any CPU
		{1E80F6B5-A5CC-4D0A-BE15-7199B70D3561}.Debug|Any CPU.Build.0 = Debug|Any CPU
		{1E80F6B5-A5CC-4D0A-BE15-7199B70D3561}.Release|Any CPU.ActiveCfg = Release|Any CPU
		{1E80F6B5-A5CC-4D0A-BE15-7199B70D3561}.Release|Any CPU.Build.0 = Release|Any CPU
		{3394852C-AA80-4113-A59E-24DD0BC5E07B}.Debug|Any CPU.ActiveCfg = Debug|Any CPU
		{3394852C-AA80-4113-A59E-24DD0BC5E07B}.Debug|Any CPU.Build.0 = Debug|Any CPU
		{3394852C-AA80-4113-A59E-24DD0BC5E07B}.Release|Any CPU.ActiveCfg = Release|Any CPU
		{3394852C-AA80-4113-A59E-24DD0BC5E07B}.Release|Any CPU.Build.0 = Release|Any CPU
		{189CB843-E4E0-4D73-AF40-6EDE8BE21C82}.Debug|Any CPU.ActiveCfg = Debug|Any CPU
		{189CB843-E4E0-4D73-AF40-6EDE8BE21C82}.Debug|Any CPU.Build.0 = Debug|Any CPU
		{189CB843-E4E0-4D73-AF40-6EDE8BE21C82}.Release|Any CPU.ActiveCfg = Release|Any CPU
		{189CB843-E4E0-4D73-AF40-6EDE8BE21C82}.Release|Any CPU.Build.0 = Release|Any CPU
		{DFEC3272-E13B-4E6E-B68F-65FAD88ED082}.Debug|Any CPU.ActiveCfg = Debug|Any CPU
		{DFEC3272-E13B-4E6E-B68F-65FAD88ED082}.Debug|Any CPU.Build.0 = Debug|Any CPU
		{DFEC3272-E13B-4E6E-B68F-65FAD88ED082}.Release|Any CPU.ActiveCfg = Release|Any CPU
		{DFEC3272-E13B-4E6E-B68F-65FAD88ED082}.Release|Any CPU.Build.0 = Release|Any CPU
	EndGlobalSection
	GlobalSection(SolutionProperties) = preSolution
		HideSolutionNode = FALSE
	EndGlobalSection
	GlobalSection(NestedProjects) = preSolution
		{A204F8C6-CBF9-4296-B7C1-52BC2106349F} = {460671B0-6DEF-4BEE-BA68-31F6417DAA37}
		{F568CFC1-C20E-4B38-A587-2BF5D2CC07D8} = {460671B0-6DEF-4BEE-BA68-31F6417DAA37}
		{6D916BE6-984A-4C38-A91E-224E1F896E9F} = {460671B0-6DEF-4BEE-BA68-31F6417DAA37}
		{6235C442-7E28-48BD-A3F2-B3E073E8C1EB} = {460671B0-6DEF-4BEE-BA68-31F6417DAA37}
		{71E96713-D20A-4CCC-82A5-856CBFA885CF} = {460671B0-6DEF-4BEE-BA68-31F6417DAA37}
		{3B3846AC-C89F-4245-817A-4672C279210C} = {460671B0-6DEF-4BEE-BA68-31F6417DAA37}
		{3394852C-AA80-4113-A59E-24DD0BC5E07B} = {460671B0-6DEF-4BEE-BA68-31F6417DAA37}
		{189CB843-E4E0-4D73-AF40-6EDE8BE21C82} = {460671B0-6DEF-4BEE-BA68-31F6417DAA37}
		{DFEC3272-E13B-4E6E-B68F-65FAD88ED082} = {460671B0-6DEF-4BEE-BA68-31F6417DAA37}
		{6911FC45-2733-4BE2-9BA2-85802D64FE98} = {A204F8C6-CBF9-4296-B7C1-52BC2106349F}
		{1244814C-E5EC-422D-BE20-1CD0B8CCD462} = {A204F8C6-CBF9-4296-B7C1-52BC2106349F}
		{62E9D40D-3682-49D9-8CA5-41EAB2E60CFC} = {AFBF8331-64AF-40BE-93AB-340F2D7B3696}
		{5359292C-585B-4FE0-96A9-F46D65C9DA6B} = {AFBF8331-64AF-40BE-93AB-340F2D7B3696}
		{1E80F6B5-A5CC-4D0A-BE15-7199B70D3561} = {AFBF8331-64AF-40BE-93AB-340F2D7B3696}
		{6A2C9DDA-BDB7-4EDE-9144-ECBC6103F411} = {F456B157-7452-4ED5-A858-34D9DAEB2235}
		{A7F78E86-AA2F-445C-8368-CC11C67A4A31} = {E7F31701-3F82-4391-AAAB-E12E6E1B8F38}
		{D4C54D7C-F193-4870-905D-0BEE7F875FDA} = {E7F31701-3F82-4391-AAAB-E12E6E1B8F38}
		{067A6C06-F15B-45B9-9E2A-8CB10193D54A} = {E7F31701-3F82-4391-AAAB-E12E6E1B8F38}
	EndGlobalSection
EndGlobal
